
Microsoft Visual Studio Solution File, Format Version 11.00
# Visual Studio 2010
Project("{FAE04EC0-301F-11D3-BF4B-00C04F79EFBC}") = "OutLineTest", "Assembly-CSharp.csproj", "{BF933A59-EC25-B0A6-3B61-ADD76A09002C}"
EndProject
Project("{FAE04EC0-301F-11D3-BF4B-00C04F79EFBC}") = "OutLineTest", "Assembly-CSharp-Editor.csproj", "{C3DB59CD-7925-9231-58A6-072B7A9B4A73}"
EndProject
Global
	GlobalSection(SolutionConfigurationPlatforms) = preSolution
		Debug|Any CPU = Debug|Any CPU
		Release|Any CPU = Release|Any CPU
	EndGlobalSection
	GlobalSection(ProjectConfigurationPlatforms) = postSolution
		{BF933A59-EC25-B0A6-3B61-ADD76A09002C}.Debug|Any CPU.ActiveCfg = Debug|Any CPU
		{BF933A59-EC25-B0A6-3B61-ADD76A09002C}.Debug|Any CPU.Build.0 = Debug|Any CPU
		{BF933A59-EC25-B0A6-3B61-ADD76A09002C}.Release|Any CPU.ActiveCfg = Release|Any CPU
		{BF933A59-EC25-B0A6-3B61-ADD76A09002C}.Release|Any CPU.Build.0 = Release|Any CPU
		{C3DB59CD-7925-9231-58A6-072B7A9B4A73}.Debug|Any CPU.ActiveCfg = Debug|Any CPU
		{C3DB59CD-7925-9231-58A6-072B7A9B4A73}.Debug|Any CPU.Build.0 = Debug|Any CPU
		{C3DB59CD-7925-9231-58A6-072B7A9B4A73}.Release|Any CPU.ActiveCfg = Release|Any CPU
		{C3DB59CD-7925-9231-58A6-072B7A9B4A73}.Release|Any CPU.Build.0 = Release|Any CPU
	EndGlobalSection
	GlobalSection(SolutionProperties) = preSolution
		HideSolutionNode = FALSE
	EndGlobalSection
	GlobalSection(MonoDevelopProperties) = preSolution
		StartupItem = Assembly-CSharp.csproj
	EndGlobalSection
EndGlobal
